<Solution>
  <Folder Name="/examples/">
    <Project Path="examples/StringTemplates.Demo/StringTemplates.Demo.csproj" />
  </Folder>
  <Folder Name="/solution/">
    <File Path=".editorconfig" />
    <File Path="build-core.sh" />
    <File Path="build-plugin.sh" />
    <File Path="Directory.Build.props" />
    <File Path="Directory.Packages.props" />
  </Folder>
  <Folder Name="/solution/git/">
    <File Path=".gitignore" />
    <File Path=".github/CODEOWNERS" />
    <File Path="README.md" />
  </Folder>
  <Folder Name="/solution/git/workflows/">
    <File Path=".github/workflows/CI.yml" />
  </Folder>
  <Folder Name="/src/">
    <Project Path="src/StringTemplates/StringTemplates.csproj" />
  </Folder>
  <Folder Name="/src/plugins/">
    <Project Path="src/plugins/StringTemplates.Plugins.MailKit/StringTemplates.Plugins.MailKit.csproj" />
    <Project Path="src/plugins/StringTemplates.Plugins.Configuration/StringTemplates.Plugins.Configuration.csproj" />
  </Folder>
  <Folder Name="/tests/">
    <Project Path="tests/StringTemplates.IntegrationTests.Common/StringTemplates.IntegrationTests.Common.csproj" />
    <Project Path="tests/StringTemplates.IntegrationTests/StringTemplates.IntegrationTests.csproj" />
    <Project Path="tests/StringTemplates.UnitTests/StringTemplates.UnitTests.csproj" />
  </Folder>
  <Folder Name="/tests/plugins/" />
  <Folder Name="/tests/plugins/Configuration/">
    <Project Path="tests/plugins/Configuration/StringTemplates.Plugins.Configuration.UnitTests/StringTemplates.Plugins.Configuration.UnitTests.csproj" />
  </Folder>
</Solution>